
Microsoft Visual Studio Solution File, Format Version 12.00
# Visual Studio 14
VisualStudioVersion = 14.0.25420.1
MinimumVisualStudioVersion = 10.0.40219.1
Project("{FAE04EC0-301F-11D3-BF4B-00C04F79EFBC}") = "DaZhongTransitionLiquidation", "DaZhongTransitionLiquidation\DaZhongTransitionLiquidation.csproj", "{70369457-8879-4944-BBFF-BF0D75858884}"
EndProject
Project("{FAE04EC0-301F-11D3-BF4B-00C04F79EFBC}") = "DaZhongTransitionLiquidation.Infrastructure", "DaZhongTransitionLiquidation.Infrastructure\DaZhongTransitionLiquidation.Infrastructure.csproj", "{57D7EF07-C59E-4C6C-86FD-CD34964D2D9C}"
EndProject
Project("{FAE04EC0-301F-11D3-BF4B-00C04F79EFBC}") = "DaZhongTransitionLiquidation.Common", "DaZhongTransitionLiquidation.Common\DaZhongTransitionLiquidation.Common.csproj", "{F2FD7662-0ABF-47F3-A04F-4159565FC5A5}"
EndProject
Global
	GlobalSection(SolutionConfigurationPlatforms) = preSolution
		Debug|Any CPU = Debug|Any CPU
		Release|Any CPU = Release|Any CPU
	EndGlobalSection
	GlobalSection(ProjectConfigurationPlatforms) = postSolution
		{70369457-8879-4944-BBFF-BF0D75858884}.Debug|Any CPU.ActiveCfg = Debug|Any CPU
		{70369457-8879-4944-BBFF-BF0D75858884}.Debug|Any CPU.Build.0 = Debug|Any CPU
		{70369457-8879-4944-BBFF-BF0D75858884}.Release|Any CPU.ActiveCfg = Release|Any CPU
		{70369457-8879-4944-BBFF-BF0D75858884}.Release|Any CPU.Build.0 = Release|Any CPU
		{57D7EF07-C59E-4C6C-86FD-CD34964D2D9C}.Debug|Any CPU.ActiveCfg = Debug|Any CPU
		{57D7EF07-C59E-4C6C-86FD-CD34964D2D9C}.Debug|Any CPU.Build.0 = Debug|Any CPU
		{57D7EF07-C59E-4C6C-86FD-CD34964D2D9C}.Release|Any CPU.ActiveCfg = Release|Any CPU
		{57D7EF07-C59E-4C6C-86FD-CD34964D2D9C}.Release|Any CPU.Build.0 = Release|Any CPU
		{F2FD7662-0ABF-47F3-A04F-4159565FC5A5}.Debug|Any CPU.ActiveCfg = Debug|Any CPU
		{F2FD7662-0ABF-47F3-A04F-4159565FC5A5}.Debug|Any CPU.Build.0 = Debug|Any CPU
		{F2FD7662-0ABF-47F3-A04F-4159565FC5A5}.Release|Any CPU.ActiveCfg = Release|Any CPU
		{F2FD7662-0ABF-47F3-A04F-4159565FC5A5}.Release|Any CPU.Build.0 = Release|Any CPU
	EndGlobalSection
	GlobalSection(SolutionProperties) = preSolution
		HideSolutionNode = FALSE
	EndGlobalSection
EndGlobal
